
Microsoft Visual Studio Solution File, Format Version 12.00
# Visual Studio Version 16
VisualStudioVersion = 16.0.31205.134
MinimumVisualStudioVersion = 10.0.40219.1
Project("{FAE04EC0-301F-11D3-BF4B-00C04F79EFBC}") = "LockFolder", "LockFolder.csproj", "{9096C5C7-5C7F-496D-BDB6-C5E811F4A5BE}"
EndProject
Global
	GlobalSection(SolutionConfigurationPlatforms) = preSolution
		Debug|Any CPU = Debug|Any CPU
		Release|Any CPU = Release|Any CPU
	EndGlobalSection
	GlobalSection(ProjectConfigurationPlatforms) = postSolution
		{9096C5C7-5C7F-496D-BDB6-C5E811F4A5BE}.Debug|Any CPU.ActiveCfg = Debug|Any CPU
		{9096C5C7-5C7F-496D-BDB6-C5E811F4A5BE}.Debug|Any CPU.Build.0 = Debug|Any CPU
		{9096C5C7-5C7F-496D-BDB6-C5E811F4A5BE}.Release|Any CPU.ActiveCfg = Release|Any CPU
		{9096C5C7-5C7F-496D-BDB6-C5E811F4A5BE}.Release|Any CPU.Build.0 = Release|Any CPU
	EndGlobalSection
	GlobalSection(SolutionProperties) = preSolution
		HideSolutionNode = FALSE
	EndGlobalSection
	GlobalSection(ExtensibilityGlobals) = postSolution
		SolutionGuid = {9F2047E5-03CF-45C2-AF2B-D77FB7BE7930}
	EndGlobalSection
EndGlobal
